
Microsoft Visual Studio Solution File, Format Version 12.00
# Visual Studio Version 16
VisualStudioVersion = 16.0.31005.135
MinimumVisualStudioVersion = 10.0.40219.1
Project("{9A19103F-16F7-4668-BE54-9A1E7A4F7556}") = "Dictionary", "Dictonary\Dictionary.csproj", "{4E8885C4-C4E1-4D57-B959-B8F1FF28C893}"
EndProject
Global
	GlobalSection(SolutionConfigurationPlatforms) = preSolution
		Debug|Any CPU = Debug|Any CPU
		Release|Any CPU = Release|Any CPU
	EndGlobalSection
	GlobalSection(ProjectConfigurationPlatforms) = postSolution
		{4E8885C4-C4E1-4D57-B959-B8F1FF28C893}.Debug|Any CPU.ActiveCfg = Debug|Any CPU
		{4E8885C4-C4E1-4D57-B959-B8F1FF28C893}.Debug|Any CPU.Build.0 = Debug|Any CPU
		{4E8885C4-C4E1-4D57-B959-B8F1FF28C893}.Release|Any CPU.ActiveCfg = Release|Any CPU
		{4E8885C4-C4E1-4D57-B959-B8F1FF28C893}.Release|Any CPU.Build.0 = Release|Any CPU
	EndGlobalSection
	GlobalSection(SolutionProperties) = preSolution
		HideSolutionNode = FALSE
	EndGlobalSection
	GlobalSection(ExtensibilityGlobals) = postSolution
		SolutionGuid = {A81D86C3-4EDB-4FC7-A425-50DE617D81AE}
	EndGlobalSection
EndGlobal
